
Microsoft Visual Studio Solution File, Format Version 12.00
# Visual Studio 15
VisualStudioVersion = 15.0.27703.2035
MinimumVisualStudioVersion = 10.0.40219.1
Project("{FAE04EC0-301F-11D3-BF4B-00C04F79EFBC}") = "FiestaDataImport", "FiestaDataImport\FiestaDataImport.csproj", "{FC6A68CD-0E17-4CB1-8563-709A43500ED6}"
EndProject
Global
	GlobalSection(SolutionConfigurationPlatforms) = preSolution
		Debug|Any CPU = Debug|Any CPU
		Release|Any CPU = Release|Any CPU
	EndGlobalSection
	GlobalSection(ProjectConfigurationPlatforms) = postSolution
		{FC6A68CD-0E17-4CB1-8563-709A43500ED6}.Debug|Any CPU.ActiveCfg = Debug|Any CPU
		{FC6A68CD-0E17-4CB1-8563-709A43500ED6}.Debug|Any CPU.Build.0 = Debug|Any CPU
		{FC6A68CD-0E17-4CB1-8563-709A43500ED6}.Release|Any CPU.ActiveCfg = Release|Any CPU
		{FC6A68CD-0E17-4CB1-8563-709A43500ED6}.Release|Any CPU.Build.0 = Release|Any CPU
	EndGlobalSection
	GlobalSection(SolutionProperties) = preSolution
		HideSolutionNode = FALSE
	EndGlobalSection
	GlobalSection(ExtensibilityGlobals) = postSolution
		SolutionGuid = {12190C9B-A73B-4553-B266-F4E9E74EAE07}
	EndGlobalSection
EndGlobal
